{
  "lockfileVersion": 1,
  "configVersion": 1,
  "workspaces": {
    "": {
      "name": "nansen-thesis-battlefield",
      "dependencies": {
        "@bitfalt/nansen-query-planner": "github:bitfalt/nansen-query-planner",
      },
      "devDependencies": {
        "@types/node": "^24.0.0",
        "typescript": "^5.9.3",
      },
    },
  },
  "packages": {
    "@bitfalt/nansen-query-planner": ["@bitfalt/nansen-query-planner@github:bitfalt/nansen-query-planner#a2d4eb7", { "bin": { "nansen-query-planner": "./bin/nansen-query-planner.ts" } }, "bitfalt-nansen-query-planner-a2d4eb7", "sha512-8EeWnXUmbCMybuvRYpAHNwjnrN4UHOHaz8fUEl61EiImbilt+vpzwKoWiMoMnWkyrW+szftiRyxbJmfeaVo/Sg=="],

    "@types/node": ["@types/node@24.12.0", "", { "dependencies": { "undici-types": "~7.16.0" } }, "sha512-GYDxsZi3ChgmckRT9HPU0WEhKLP08ev/Yfcq2AstjrDASOYCSXeyjDsHg4v5t4jOj7cyDX3vmprafKlWIG9MXQ=="],

    "typescript": ["typescript@5.9.3", "", { "bin": { "tsc": "bin/tsc", "tsserver": "bin/tsserver" } }, "sha512-jl1vZzPDinLr9eUt3J/t7V6FgNEw9QjvBPdysz9KfQDD41fQrC2Y4vKQdiaUpFT4bXlb1RHhLpp8wtm6M5TgSw=="],

    "undici-types": ["undici-types@7.16.0", "", {}, "sha512-Zz+aZWSj8LE6zoxD+xrjh4VfkIG8Ya6LvYkZqtUQGJPZjYl53ypCaUwWqo7eI0x66KBGeRo+mlBEkMSeSZ38Nw=="],
  }
}
